
Microsoft Visual Studio Solution File, Format Version 12.00
# Visual Studio 15
VisualStudioVersion = 15.0.26124.0
MinimumVisualStudioVersion = 15.0.26124.0
Project("{FAE04EC0-301F-11D3-BF4B-00C04F79EFBC}") = "primeiraApp", "primeiraApp\primeiraApp.csproj", "{580A4961-B308-4351-8259-959DD66A66A2}"
EndProject
Project("{FAE04EC0-301F-11D3-BF4B-00C04F79EFBC}") = "primeiraApp.lib", "primeiraApp.lib\primeiraApp.lib.csproj", "{37BE63FF-78C6-4434-97A9-BC483D5FA943}"
EndProject
Project("{FAE04EC0-301F-11D3-BF4B-00C04F79EFBC}") = "primeiraApp.interface", "primeiraApp.interface\primeiraApp.interface.csproj", "{36374276-34B6-442A-8FE5-93C3214CCD86}"
EndProject
Global
	GlobalSection(SolutionConfigurationPlatforms) = preSolution
		Debug|Any CPU = Debug|Any CPU
		Debug|x64 = Debug|x64
		Debug|x86 = Debug|x86
		Release|Any CPU = Release|Any CPU
		Release|x64 = Release|x64
		Release|x86 = Release|x86
	EndGlobalSection
	GlobalSection(SolutionProperties) = preSolution
		HideSolutionNode = FALSE
	EndGlobalSection
	GlobalSection(ProjectConfigurationPlatforms) = postSolution
		{580A4961-B308-4351-8259-959DD66A66A2}.Debug|Any CPU.ActiveCfg = Debug|Any CPU
		{580A4961-B308-4351-8259-959DD66A66A2}.Debug|Any CPU.Build.0 = Debug|Any CPU
		{580A4961-B308-4351-8259-959DD66A66A2}.Debug|x64.ActiveCfg = Debug|Any CPU
		{580A4961-B308-4351-8259-959DD66A66A2}.Debug|x64.Build.0 = Debug|Any CPU
		{580A4961-B308-4351-8259-959DD66A66A2}.Debug|x86.ActiveCfg = Debug|Any CPU
		{580A4961-B308-4351-8259-959DD66A66A2}.Debug|x86.Build.0 = Debug|Any CPU
		{580A4961-B308-4351-8259-959DD66A66A2}.Release|Any CPU.ActiveCfg = Release|Any CPU
		{580A4961-B308-4351-8259-959DD66A66A2}.Release|Any CPU.Build.0 = Release|Any CPU
		{580A4961-B308-4351-8259-959DD66A66A2}.Release|x64.ActiveCfg = Release|Any CPU
		{580A4961-B308-4351-8259-959DD66A66A2}.Release|x64.Build.0 = Release|Any CPU
		{580A4961-B308-4351-8259-959DD66A66A2}.Release|x86.ActiveCfg = Release|Any CPU
		{580A4961-B308-4351-8259-959DD66A66A2}.Release|x86.Build.0 = Release|Any CPU
		{37BE63FF-78C6-4434-97A9-BC483D5FA943}.Debug|Any CPU.ActiveCfg = Debug|Any CPU
		{37BE63FF-78C6-4434-97A9-BC483D5FA943}.Debug|Any CPU.Build.0 = Debug|Any CPU
		{37BE63FF-78C6-4434-97A9-BC483D5FA943}.Debug|x64.ActiveCfg = Debug|Any CPU
		{37BE63FF-78C6-4434-97A9-BC483D5FA943}.Debug|x64.Build.0 = Debug|Any CPU
		{37BE63FF-78C6-4434-97A9-BC483D5FA943}.Debug|x86.ActiveCfg = Debug|Any CPU
		{37BE63FF-78C6-4434-97A9-BC483D5FA943}.Debug|x86.Build.0 = Debug|Any CPU
		{37BE63FF-78C6-4434-97A9-BC483D5FA943}.Release|Any CPU.ActiveCfg = Release|Any CPU
		{37BE63FF-78C6-4434-97A9-BC483D5FA943}.Release|Any CPU.Build.0 = Release|Any CPU
		{37BE63FF-78C6-4434-97A9-BC483D5FA943}.Release|x64.ActiveCfg = Release|Any CPU
		{37BE63FF-78C6-4434-97A9-BC483D5FA943}.Release|x64.Build.0 = Release|Any CPU
		{37BE63FF-78C6-4434-97A9-BC483D5FA943}.Release|x86.ActiveCfg = Release|Any CPU
		{37BE63FF-78C6-4434-97A9-BC483D5FA943}.Release|x86.Build.0 = Release|Any CPU
		{36374276-34B6-442A-8FE5-93C3214CCD86}.Debug|Any CPU.ActiveCfg = Debug|Any CPU
		{36374276-34B6-442A-8FE5-93C3214CCD86}.Debug|Any CPU.Build.0 = Debug|Any CPU
		{36374276-34B6-442A-8FE5-93C3214CCD86}.Debug|x64.ActiveCfg = Debug|Any CPU
		{36374276-34B6-442A-8FE5-93C3214CCD86}.Debug|x64.Build.0 = Debug|Any CPU
		{36374276-34B6-442A-8FE5-93C3214CCD86}.Debug|x86.ActiveCfg = Debug|Any CPU
		{36374276-34B6-442A-8FE5-93C3214CCD86}.Debug|x86.Build.0 = Debug|Any CPU
		{36374276-34B6-442A-8FE5-93C3214CCD86}.Release|Any CPU.ActiveCfg = Release|Any CPU
		{36374276-34B6-442A-8FE5-93C3214CCD86}.Release|Any CPU.Build.0 = Release|Any CPU
		{36374276-34B6-442A-8FE5-93C3214CCD86}.Release|x64.ActiveCfg = Release|Any CPU
		{36374276-34B6-442A-8FE5-93C3214CCD86}.Release|x64.Build.0 = Release|Any CPU
		{36374276-34B6-442A-8FE5-93C3214CCD86}.Release|x86.ActiveCfg = Release|Any CPU
		{36374276-34B6-442A-8FE5-93C3214CCD86}.Release|x86.Build.0 = Release|Any CPU
	EndGlobalSection
EndGlobal
